
Microsoft Visual Studio Solution File, Format Version 12.00
# Visual Studio Version 16
VisualStudioVersion = 16.0.29709.97
MinimumVisualStudioVersion = 15.0.26124.0
Project("{2150E333-8FDC-42A3-9474-1A3956D46DE8}") = "Application", "Application", "{0552E336-EBD5-4913-9393-6BE18180B0FE}"
EndProject
Project("{2150E333-8FDC-42A3-9474-1A3956D46DE8}") = "Domain", "Domain", "{DC23E295-74B6-4FC4-AF19-5B4DE4857910}"
EndProject
Project("{2150E333-8FDC-42A3-9474-1A3956D46DE8}") = "Infra", "Infra", "{4888ABC4-D6F0-467E-8B4A-96015021B24E}"
EndProject
Project("{2150E333-8FDC-42A3-9474-1A3956D46DE8}") = "Service", "Service", "{F4B8E31F-55AE-462A-A986-93CFB1076B99}"
EndProject
Project("{FAE04EC0-301F-11D3-BF4B-00C04F79EFBC}") = "Management.Domain", "Gerenciamento.Domain\Management.Domain.csproj", "{0C422E69-7F4F-496F-B976-42235959396B}"
EndProject
Project("{FAE04EC0-301F-11D3-BF4B-00C04F79EFBC}") = "Gerenciamento.Service", "Gerenciamento.Service\Gerenciamento.Service.csproj", "{151F1EB9-7647-400D-82DD-4FB675EE85D3}"
EndProject
Project("{2150E333-8FDC-42A3-9474-1A3956D46DE8}") = "Data", "Data", "{4A0E0170-88EC-4D4E-A9A6-4F4CB45C870B}"
EndProject
Project("{FAE04EC0-301F-11D3-BF4B-00C04F79EFBC}") = "Gerenciamento.Infra.Data", "Gerenciamento.Infra.Data\Gerenciamento.Infra.Data.csproj", "{2ADAC6BA-F180-498D-9F72-CCB465D72CAC}"
EndProject
Project("{2150E333-8FDC-42A3-9474-1A3956D46DE8}") = "CrossCutting", "CrossCutting", "{FBB8078B-2FEC-44FF-B61C-C7A09FCB158D}"
EndProject
Project("{FAE04EC0-301F-11D3-BF4B-00C04F79EFBC}") = "Gerenciamento.Infra.CrossCutting", "Gerenciamento.Infra.CrossCutting\Gerenciamento.Infra.CrossCutting.csproj", "{8F0FDE49-80BA-46C7-9E68-C16D2CCAFFBB}"
EndProject
Project("{FAE04EC0-301F-11D3-BF4B-00C04F79EFBC}") = "ManagementEstablishment.Api", "ManagementEstablishment.Api\ManagementEstablishment.Api.csproj", "{80687958-DDF6-459B-8429-254A457FD63B}"
EndProject
Global
	GlobalSection(SolutionConfigurationPlatforms) = preSolution
		Debug|Any CPU = Debug|Any CPU
		Debug|x64 = Debug|x64
		Debug|x86 = Debug|x86
		Release|Any CPU = Release|Any CPU
		Release|x64 = Release|x64
		Release|x86 = Release|x86
	EndGlobalSection
	GlobalSection(ProjectConfigurationPlatforms) = postSolution
		{0C422E69-7F4F-496F-B976-42235959396B}.Debug|Any CPU.ActiveCfg = Debug|Any CPU
		{0C422E69-7F4F-496F-B976-42235959396B}.Debug|Any CPU.Build.0 = Debug|Any CPU
		{0C422E69-7F4F-496F-B976-42235959396B}.Debug|x64.ActiveCfg = Debug|Any CPU
		{0C422E69-7F4F-496F-B976-42235959396B}.Debug|x64.Build.0 = Debug|Any CPU
		{0C422E69-7F4F-496F-B976-42235959396B}.Debug|x86.ActiveCfg = Debug|Any CPU
		{0C422E69-7F4F-496F-B976-42235959396B}.Debug|x86.Build.0 = Debug|Any CPU
		{0C422E69-7F4F-496F-B976-42235959396B}.Release|Any CPU.ActiveCfg = Release|Any CPU
		{0C422E69-7F4F-496F-B976-42235959396B}.Release|Any CPU.Build.0 = Release|Any CPU
		{0C422E69-7F4F-496F-B976-42235959396B}.Release|x64.ActiveCfg = Release|Any CPU
		{0C422E69-7F4F-496F-B976-42235959396B}.Release|x64.Build.0 = Release|Any CPU
		{0C422E69-7F4F-496F-B976-42235959396B}.Release|x86.ActiveCfg = Release|Any CPU
		{0C422E69-7F4F-496F-B976-42235959396B}.Release|x86.Build.0 = Release|Any CPU
		{151F1EB9-7647-400D-82DD-4FB675EE85D3}.Debug|Any CPU.ActiveCfg = Debug|Any CPU
		{151F1EB9-7647-400D-82DD-4FB675EE85D3}.Debug|Any CPU.Build.0 = Debug|Any CPU
		{151F1EB9-7647-400D-82DD-4FB675EE85D3}.Debug|x64.ActiveCfg = Debug|Any CPU
		{151F1EB9-7647-400D-82DD-4FB675EE85D3}.Debug|x64.Build.0 = Debug|Any CPU
		{151F1EB9-7647-400D-82DD-4FB675EE85D3}.Debug|x86.ActiveCfg = Debug|Any CPU
		{151F1EB9-7647-400D-82DD-4FB675EE85D3}.Debug|x86.Build.0 = Debug|Any CPU
		{151F1EB9-7647-400D-82DD-4FB675EE85D3}.Release|Any CPU.ActiveCfg = Release|Any CPU
		{151F1EB9-7647-400D-82DD-4FB675EE85D3}.Release|Any CPU.Build.0 = Release|Any CPU
		{151F1EB9-7647-400D-82DD-4FB675EE85D3}.Release|x64.ActiveCfg = Release|Any CPU
		{151F1EB9-7647-400D-82DD-4FB675EE85D3}.Release|x64.Build.0 = Release|Any CPU
		{151F1EB9-7647-400D-82DD-4FB675EE85D3}.Release|x86.ActiveCfg = Release|Any CPU
		{151F1EB9-7647-400D-82DD-4FB675EE85D3}.Release|x86.Build.0 = Release|Any CPU
		{2ADAC6BA-F180-498D-9F72-CCB465D72CAC}.Debug|Any CPU.ActiveCfg = Debug|Any CPU
		{2ADAC6BA-F180-498D-9F72-CCB465D72CAC}.Debug|Any CPU.Build.0 = Debug|Any CPU
		{2ADAC6BA-F180-498D-9F72-CCB465D72CAC}.Debug|x64.ActiveCfg = Debug|Any CPU
		{2ADAC6BA-F180-498D-9F72-CCB465D72CAC}.Debug|x64.Build.0 = Debug|Any CPU
		{2ADAC6BA-F180-498D-9F72-CCB465D72CAC}.Debug|x86.ActiveCfg = Debug|Any CPU
		{2ADAC6BA-F180-498D-9F72-CCB465D72CAC}.Debug|x86.Build.0 = Debug|Any CPU
		{2ADAC6BA-F180-498D-9F72-CCB465D72CAC}.Release|Any CPU.ActiveCfg = Release|Any CPU
		{2ADAC6BA-F180-498D-9F72-CCB465D72CAC}.Release|Any CPU.Build.0 = Release|Any CPU
		{2ADAC6BA-F180-498D-9F72-CCB465D72CAC}.Release|x64.ActiveCfg = Release|Any CPU
		{2ADAC6BA-F180-498D-9F72-CCB465D72CAC}.Release|x64.Build.0 = Release|Any CPU
		{2ADAC6BA-F180-498D-9F72-CCB465D72CAC}.Release|x86.ActiveCfg = Release|Any CPU
		{2ADAC6BA-F180-498D-9F72-CCB465D72CAC}.Release|x86.Build.0 = Release|Any CPU
		{8F0FDE49-80BA-46C7-9E68-C16D2CCAFFBB}.Debug|Any CPU.ActiveCfg = Debug|Any CPU
		{8F0FDE49-80BA-46C7-9E68-C16D2CCAFFBB}.Debug|Any CPU.Build.0 = Debug|Any CPU
		{8F0FDE49-80BA-46C7-9E68-C16D2CCAFFBB}.Debug|x64.ActiveCfg = Debug|Any CPU
		{8F0FDE49-80BA-46C7-9E68-C16D2CCAFFBB}.Debug|x64.Build.0 = Debug|Any CPU
		{8F0FDE49-80BA-46C7-9E68-C16D2CCAFFBB}.Debug|x86.ActiveCfg = Debug|Any CPU
		{8F0FDE49-80BA-46C7-9E68-C16D2CCAFFBB}.Debug|x86.Build.0 = Debug|Any CPU
		{8F0FDE49-80BA-46C7-9E68-C16D2CCAFFBB}.Release|Any CPU.ActiveCfg = Release|Any CPU
		{8F0FDE49-80BA-46C7-9E68-C16D2CCAFFBB}.Release|Any CPU.Build.0 = Release|Any CPU
		{8F0FDE49-80BA-46C7-9E68-C16D2CCAFFBB}.Release|x64.ActiveCfg = Release|Any CPU
		{8F0FDE49-80BA-46C7-9E68-C16D2CCAFFBB}.Release|x64.Build.0 = Release|Any CPU
		{8F0FDE49-80BA-46C7-9E68-C16D2CCAFFBB}.Release|x86.ActiveCfg = Release|Any CPU
		{8F0FDE49-80BA-46C7-9E68-C16D2CCAFFBB}.Release|x86.Build.0 = Release|Any CPU
		{80687958-DDF6-459B-8429-254A457FD63B}.Debug|Any CPU.ActiveCfg = Debug|Any CPU
		{80687958-DDF6-459B-8429-254A457FD63B}.Debug|Any CPU.Build.0 = Debug|Any CPU
		{80687958-DDF6-459B-8429-254A457FD63B}.Debug|x64.ActiveCfg = Debug|Any CPU
		{80687958-DDF6-459B-8429-254A457FD63B}.Debug|x64.Build.0 = Debug|Any CPU
		{80687958-DDF6-459B-8429-254A457FD63B}.Debug|x86.ActiveCfg = Debug|Any CPU
		{80687958-DDF6-459B-8429-254A457FD63B}.Debug|x86.Build.0 = Debug|Any CPU
		{80687958-DDF6-459B-8429-254A457FD63B}.Release|Any CPU.ActiveCfg = Release|Any CPU
		{80687958-DDF6-459B-8429-254A457FD63B}.Release|Any CPU.Build.0 = Release|Any CPU
		{80687958-DDF6-459B-8429-254A457FD63B}.Release|x64.ActiveCfg = Release|Any CPU
		{80687958-DDF6-459B-8429-254A457FD63B}.Release|x64.Build.0 = Release|Any CPU
		{80687958-DDF6-459B-8429-254A457FD63B}.Release|x86.ActiveCfg = Release|Any CPU
		{80687958-DDF6-459B-8429-254A457FD63B}.Release|x86.Build.0 = Release|Any CPU
	EndGlobalSection
	GlobalSection(SolutionProperties) = preSolution
		HideSolutionNode = FALSE
	EndGlobalSection
	GlobalSection(NestedProjects) = preSolution
		{0C422E69-7F4F-496F-B976-42235959396B} = {DC23E295-74B6-4FC4-AF19-5B4DE4857910}
		{151F1EB9-7647-400D-82DD-4FB675EE85D3} = {F4B8E31F-55AE-462A-A986-93CFB1076B99}
		{4A0E0170-88EC-4D4E-A9A6-4F4CB45C870B} = {4888ABC4-D6F0-467E-8B4A-96015021B24E}
		{2ADAC6BA-F180-498D-9F72-CCB465D72CAC} = {4A0E0170-88EC-4D4E-A9A6-4F4CB45C870B}
		{FBB8078B-2FEC-44FF-B61C-C7A09FCB158D} = {4888ABC4-D6F0-467E-8B4A-96015021B24E}
		{8F0FDE49-80BA-46C7-9E68-C16D2CCAFFBB} = {FBB8078B-2FEC-44FF-B61C-C7A09FCB158D}
		{80687958-DDF6-459B-8429-254A457FD63B} = {0552E336-EBD5-4913-9393-6BE18180B0FE}
	EndGlobalSection
	GlobalSection(ExtensibilityGlobals) = postSolution
		SolutionGuid = {3F7B02EC-C7CB-4D7F-8B1D-7882A091301A}
	EndGlobalSection
EndGlobal
